
Microsoft Visual Studio Solution File, Format Version 12.00
# Visual Studio Version 16
VisualStudioVersion = 16.0.29806.167
MinimumVisualStudioVersion = 10.0.40219.1
Project("{9A19103F-16F7-4668-BE54-9A1E7A4F7556}") = "Inventory", "Inventory\Inventory.csproj", "{CA08FE89-DCBE-473E-BC38-1631EC4AA7F9}"
EndProject
Project("{9A19103F-16F7-4668-BE54-9A1E7A4F7556}") = "Entities", "Entities\Entities.csproj", "{ADC16A28-74CD-4246-B17F-88DFB7325D67}"
EndProject
Project("{9A19103F-16F7-4668-BE54-9A1E7A4F7556}") = "DataAccess", "DataAccess\DataAccess.csproj", "{BF6161AA-1567-4F49-88AF-0A94F71765F8}"
EndProject
Project("{9A19103F-16F7-4668-BE54-9A1E7A4F7556}") = "Business", "Business\Business.csproj", "{D9ABA63A-DB1E-4D2C-B119-AF5DF50AB731}"
EndProject
Global
	GlobalSection(SolutionConfigurationPlatforms) = preSolution
		Debug|Any CPU = Debug|Any CPU
		Release|Any CPU = Release|Any CPU
	EndGlobalSection
	GlobalSection(ProjectConfigurationPlatforms) = postSolution
		{CA08FE89-DCBE-473E-BC38-1631EC4AA7F9}.Debug|Any CPU.ActiveCfg = Debug|Any CPU
		{CA08FE89-DCBE-473E-BC38-1631EC4AA7F9}.Debug|Any CPU.Build.0 = Debug|Any CPU
		{CA08FE89-DCBE-473E-BC38-1631EC4AA7F9}.Release|Any CPU.ActiveCfg = Release|Any CPU
		{CA08FE89-DCBE-473E-BC38-1631EC4AA7F9}.Release|Any CPU.Build.0 = Release|Any CPU
		{ADC16A28-74CD-4246-B17F-88DFB7325D67}.Debug|Any CPU.ActiveCfg = Debug|Any CPU
		{ADC16A28-74CD-4246-B17F-88DFB7325D67}.Debug|Any CPU.Build.0 = Debug|Any CPU
		{ADC16A28-74CD-4246-B17F-88DFB7325D67}.Release|Any CPU.ActiveCfg = Release|Any CPU
		{ADC16A28-74CD-4246-B17F-88DFB7325D67}.Release|Any CPU.Build.0 = Release|Any CPU
		{BF6161AA-1567-4F49-88AF-0A94F71765F8}.Debug|Any CPU.ActiveCfg = Debug|Any CPU
		{BF6161AA-1567-4F49-88AF-0A94F71765F8}.Debug|Any CPU.Build.0 = Debug|Any CPU
		{BF6161AA-1567-4F49-88AF-0A94F71765F8}.Release|Any CPU.ActiveCfg = Release|Any CPU
		{BF6161AA-1567-4F49-88AF-0A94F71765F8}.Release|Any CPU.Build.0 = Release|Any CPU
		{D9ABA63A-DB1E-4D2C-B119-AF5DF50AB731}.Debug|Any CPU.ActiveCfg = Debug|Any CPU
		{D9ABA63A-DB1E-4D2C-B119-AF5DF50AB731}.Debug|Any CPU.Build.0 = Debug|Any CPU
		{D9ABA63A-DB1E-4D2C-B119-AF5DF50AB731}.Release|Any CPU.ActiveCfg = Release|Any CPU
		{D9ABA63A-DB1E-4D2C-B119-AF5DF50AB731}.Release|Any CPU.Build.0 = Release|Any CPU
	EndGlobalSection
	GlobalSection(SolutionProperties) = preSolution
		HideSolutionNode = FALSE
	EndGlobalSection
	GlobalSection(ExtensibilityGlobals) = postSolution
		SolutionGuid = {4B9B8CBB-6CD7-4514-8F74-19248193988C}
	EndGlobalSection
EndGlobal
